
Microsoft Visual Studio Solution File, Format Version 11.00
# Visual Studio 2010
Project("{FAE04EC0-301F-11D3-BF4B-00C04F79EFBC}") = "ScreenshotInject", "ScreenshotInject\ScreenshotInject.csproj", "{0E19B078-C22D-4C1B-81AA-BF6CA48609E0}"
EndProject
Project("{FAE04EC0-301F-11D3-BF4B-00C04F79EFBC}") = "AVIStreamer", "AVIStreamer\AVIStreamer.csproj", "{A401476A-D080-4D2D-88C0-F571EF757CDF}"
EndProject
Global
	GlobalSection(SolutionConfigurationPlatforms) = preSolution
		Debug|Any CPU = Debug|Any CPU
		Debug|Mixed Platforms = Debug|Mixed Platforms
		Debug|Win32 = Debug|Win32
		Debug|x64 = Debug|x64
		Debug|x86 = Debug|x86
		Release|Any CPU = Release|Any CPU
		Release|Mixed Platforms = Release|Mixed Platforms
		Release|Win32 = Release|Win32
		Release|x64 = Release|x64
		Release|x86 = Release|x86
	EndGlobalSection
	GlobalSection(ProjectConfigurationPlatforms) = postSolution
		{0E19B078-C22D-4C1B-81AA-BF6CA48609E0}.Debug|Any CPU.ActiveCfg = Debug|Any CPU
		{0E19B078-C22D-4C1B-81AA-BF6CA48609E0}.Debug|Any CPU.Build.0 = Debug|Any CPU
		{0E19B078-C22D-4C1B-81AA-BF6CA48609E0}.Debug|Mixed Platforms.ActiveCfg = Debug|Any CPU
		{0E19B078-C22D-4C1B-81AA-BF6CA48609E0}.Debug|Mixed Platforms.Build.0 = Debug|Any CPU
		{0E19B078-C22D-4C1B-81AA-BF6CA48609E0}.Debug|Win32.ActiveCfg = Debug|Any CPU
		{0E19B078-C22D-4C1B-81AA-BF6CA48609E0}.Debug|x64.ActiveCfg = Debug|Any CPU
		{0E19B078-C22D-4C1B-81AA-BF6CA48609E0}.Debug|x86.ActiveCfg = Debug|Any CPU
		{0E19B078-C22D-4C1B-81AA-BF6CA48609E0}.Release|Any CPU.ActiveCfg = Release|Any CPU
		{0E19B078-C22D-4C1B-81AA-BF6CA48609E0}.Release|Any CPU.Build.0 = Release|Any CPU
		{0E19B078-C22D-4C1B-81AA-BF6CA48609E0}.Release|Mixed Platforms.ActiveCfg = Release|Any CPU
		{0E19B078-C22D-4C1B-81AA-BF6CA48609E0}.Release|Mixed Platforms.Build.0 = Release|Any CPU
		{0E19B078-C22D-4C1B-81AA-BF6CA48609E0}.Release|Win32.ActiveCfg = Release|Any CPU
		{0E19B078-C22D-4C1B-81AA-BF6CA48609E0}.Release|x64.ActiveCfg = Release|Any CPU
		{0E19B078-C22D-4C1B-81AA-BF6CA48609E0}.Release|x86.ActiveCfg = Release|Any CPU
		{A401476A-D080-4D2D-88C0-F571EF757CDF}.Debug|Any CPU.ActiveCfg = Debug|x86
		{A401476A-D080-4D2D-88C0-F571EF757CDF}.Debug|Mixed Platforms.ActiveCfg = Debug|x86
		{A401476A-D080-4D2D-88C0-F571EF757CDF}.Debug|Mixed Platforms.Build.0 = Debug|x86
		{A401476A-D080-4D2D-88C0-F571EF757CDF}.Debug|Win32.ActiveCfg = Debug|x86
		{A401476A-D080-4D2D-88C0-F571EF757CDF}.Debug|x64.ActiveCfg = Debug|x86
		{A401476A-D080-4D2D-88C0-F571EF757CDF}.Debug|x86.ActiveCfg = Debug|x86
		{A401476A-D080-4D2D-88C0-F571EF757CDF}.Debug|x86.Build.0 = Debug|x86
		{A401476A-D080-4D2D-88C0-F571EF757CDF}.Release|Any CPU.ActiveCfg = Release|x86
		{A401476A-D080-4D2D-88C0-F571EF757CDF}.Release|Mixed Platforms.ActiveCfg = Release|x86
		{A401476A-D080-4D2D-88C0-F571EF757CDF}.Release|Mixed Platforms.Build.0 = Release|x86
		{A401476A-D080-4D2D-88C0-F571EF757CDF}.Release|Win32.ActiveCfg = Release|x86
		{A401476A-D080-4D2D-88C0-F571EF757CDF}.Release|x64.ActiveCfg = Release|x86
		{A401476A-D080-4D2D-88C0-F571EF757CDF}.Release|x86.ActiveCfg = Release|x86
		{A401476A-D080-4D2D-88C0-F571EF757CDF}.Release|x86.Build.0 = Release|x86
	EndGlobalSection
	GlobalSection(SolutionProperties) = preSolution
		HideSolutionNode = FALSE
	EndGlobalSection
EndGlobal
